
Microsoft Visual Studio Solution File, Format Version 12.00
# Visual Studio 2012
Project("{FAE04EC0-301F-11D3-BF4B-00C04F79EFBC}") = "MonopolyKata", "MonopolyKata\MonopolyKata.csproj", "{8CA2DFD7-D289-4D6A-A23B-1280429E0CBD}"
EndProject
Project("{FAE04EC0-301F-11D3-BF4B-00C04F79EFBC}") = "MonopolyKataTest", "MonopolyKataTest\MonopolyKataTest.csproj", "{A278A733-3844-4410-A307-992D872E4E54}"
EndProject
Project("{2150E333-8FDC-42A3-9474-1A3956D46DE8}") = "Solution Items", "Solution Items", "{B18B84ED-609C-4C03-9646-DC738F2410D5}"
	ProjectSection(SolutionItems) = preProject
		Local.testsettings = Local.testsettings
		MonopolyKata.vsmdi = MonopolyKata.vsmdi
		TraceAndTestImpact.testsettings = TraceAndTestImpact.testsettings
	EndProjectSection
EndProject
Global
	GlobalSection(TestCaseManagementSettings) = postSolution
		CategoryFile = MonopolyKata.vsmdi
	EndGlobalSection
	GlobalSection(SolutionConfigurationPlatforms) = preSolution
		Debug|Any CPU = Debug|Any CPU
		Release|Any CPU = Release|Any CPU
	EndGlobalSection
	GlobalSection(ProjectConfigurationPlatforms) = postSolution
		{8CA2DFD7-D289-4D6A-A23B-1280429E0CBD}.Debug|Any CPU.ActiveCfg = Debug|Any CPU
		{8CA2DFD7-D289-4D6A-A23B-1280429E0CBD}.Debug|Any CPU.Build.0 = Debug|Any CPU
		{8CA2DFD7-D289-4D6A-A23B-1280429E0CBD}.Release|Any CPU.ActiveCfg = Release|Any CPU
		{8CA2DFD7-D289-4D6A-A23B-1280429E0CBD}.Release|Any CPU.Build.0 = Release|Any CPU
		{A278A733-3844-4410-A307-992D872E4E54}.Debug|Any CPU.ActiveCfg = Debug|Any CPU
		{A278A733-3844-4410-A307-992D872E4E54}.Debug|Any CPU.Build.0 = Debug|Any CPU
		{A278A733-3844-4410-A307-992D872E4E54}.Release|Any CPU.ActiveCfg = Release|Any CPU
		{A278A733-3844-4410-A307-992D872E4E54}.Release|Any CPU.Build.0 = Release|Any CPU
	EndGlobalSection
	GlobalSection(SolutionProperties) = preSolution
		HideSolutionNode = FALSE
	EndGlobalSection
EndGlobal
